// !$*UTF8*$!
{
	archiveVersion = 1;
	classes = {
	};
	objectVersion = 46;
	objects = {

/* Begin PBXBuildFile section */
		436C1B0C1F0E93A800EC0287 /* AppDelegate.swift in Sources */ = {isa = PBXBuildFile; fileRef = 436C1B0B1F0E93A800EC0287 /* AppDelegate.swift */; };
		436C1B0E1F0E93A800EC0287 /* ViewController.swift in Sources */ = {isa = PBXBuildFile; fileRef = 436C1B0D1F0E93A800EC0287 /* ViewController.swift */; };
		436C1B111F0E93A800EC0287 /* Main.storyboard in Resources */ = {isa = PBXBuildFile; fileRef = 436C1B0F1F0E93A800EC0287 /* Main.storyboard */; };
		436C1B131F0E93A800EC0287 /* Assets.xcassets in Resources */ = {isa = PBXBuildFile; fileRef = 436C1B121F0E93A800EC0287 /* Assets.xcassets */; };
		436C1B161F0E93A800EC0287 /* LaunchScreen.storyboard in Resources */ = {isa = PBXBuildFile; fileRef = 436C1B141F0E93A800EC0287 /* LaunchScreen.storyboard */; };
/* End PBXBuildFile section */

/* Begin PBXFileReference section */
		436C1B081F0E93A800EC0287 /* Stretchy Snacks.app */ = {isa = PBXFileReference; explicitFileType = wrapper.application; includeInIndex = 0; path = "Stretchy Snacks.app"; sourceTree = BUILT_PRODUCTS_DIR; };
		436C1B0B1F0E93A800EC0287 /* AppDelegate.swift */ = {isa = PBXFileReference; lastKnownFileType = sourcecode.swift; path = AppDelegate.swift; sourceTree = "<group>"; };
		436C1B0D1F0E93A800EC0287 /* ViewController.swift */ = {isa = PBXFileReference; lastKnownFileType = sourcecode.swift; path = ViewController.swift; sourceTree = "<group>"; };
		436C1B101F0E93A800EC0287 /* Base */ = {isa = PBXFileReference; lastKnownFileType = file.storyboard; name = Base; path = Base.lproj/Main.storyboard; sourceTree = "<group>"; };
		436C1B121F0E93A800EC0287 /* Assets.xcassets */ = {isa = PBXFileReference; lastKnownFileType = folder.assetcatalog; path = Assets.xcassets; sourceTree = "<group>"; };
		436C1B151F0E93A800EC0287 /* Base */ = {isa = PBXFileReference; lastKnownFileType = file.storyboard; name = Base; path = Base.lproj/LaunchScreen.storyboard; sourceTree = "<group>"; };
		436C1B171F0E93A800EC0287 /* Info.plist */ = {isa = PBXFileReference; lastKnownFileType = text.plist.xml; path = Info.plist; sourceTree = "<group>"; };
/* End PBXFileReference section */

/* Begin PBXFrameworksBuildPhase section */
		436C1B051F0E93A800EC0287 /* Frameworks */ = {
			isa = PBXFrameworksBuildPhase;
			buildActionMask = 2147483647;
			files = (
			);
			runOnlyForDeploymentPostprocessing = 0;
		};
/* End PBXFrameworksBuildPhase section */

/* Begin PBXGroup section */
		436C1AFF1F0E93A800EC0287 = {
			isa = PBXGroup;
			children = (
				436C1B0A1F0E93A800EC0287 /* Stretchy Snacks */,
				436C1B091F0E93A800EC0287 /* Products */,
			);
			sourceTree = "<group>";
		};
		436C1B091F0E93A800EC0287 /* Products */ = {
			isa = PBXGroup;
			children = (
				436C1B081F0E93A800EC0287 /* Stretchy Snacks.app */,
			);
			name = Products;
			sourceTree = "<group>";
		};
		436C1B0A1F0E93A800EC0287 /* Stretchy Snacks */ = {
			isa = PBXGroup;
			children = (
				436C1B0B1F0E93A800EC0287 /* AppDelegate.swift */,
				436C1B0D1F0E93A800EC0287 /* ViewController.swift */,
				436C1B0F1F0E93A800EC0287 /* Main.storyboard */,
				436C1B121F0E93A800EC0287 /* Assets.xcassets */,
				436C1B141F0E93A800EC0287 /* LaunchScreen.storyboard */,
				436C1B171F0E93A800EC0287 /* Info.plist */,
			);
			path = "Stretchy Snacks";
			sourceTree = "<group>";
		};
/* End PBXGroup section */

/* Begin PBXNativeTarget section */
		436C1B071F0E93A800EC0287 /* Stretchy Snacks */ = {
			isa = PBXNativeTarget;
			buildConfigurationList = 436C1B1A1F0E93A800EC0287 /* Build configuration list for PBXNativeTarget "Stretchy Snacks" */;
			buildPhases = (
				436C1B041F0E93A800EC0287 /* Sources */,
				436C1B051F0E93A800EC0287 /* Frameworks */,
				436C1B061F0E93A800EC0287 /* Resources */,
			);
			buildRules = (
			);
			dependencies = (
			);
			name = "Stretchy Snacks";
			productName = "Stretchy Snacks";
			productReference = 436C1B081F0E93A800EC0287 /* Stretchy Snacks.app */;
			productType = "com.apple.product-type.application";
		};
/* End PBXNativeTarget section */

/* Begin PBXProject section */
		436C1B001F0E93A800EC0287 /* Project object */ = {
			isa = PBXProject;
			attributes = {
				LastSwiftUpdateCheck = 0830;
				LastUpgradeCheck = 0830;
				ORGANIZATIONNAME = "Alex Lee";
				TargetAttributes = {
					436C1B071F0E93A800EC0287 = {
						CreatedOnToolsVersion = 8.3.3;
						ProvisioningStyle = Automatic;
					};
				};
			};
			buildConfigurationList = 436C1B031F0E93A800EC0287 /* Build configuration list for PBXProject "Stretchy Snacks" */;
			compatibilityVersion = "Xcode 3.2";
			developmentRegion = English;
			hasScannedForEncodings = 0;
			knownRegions = (
				en,
				Base,
			);
			mainGroup = 436C1AFF1F0E93A800EC0287;
			productRefGroup = 436C1B091F0E93A800EC0287 /* Products */;
			projectDirPath = "";
			projectRoot = "";
			targets = (
				436C1B071F0E93A800EC0287 /* Stretchy Snacks */,
			);
		};
/* End PBXProject section */

/* Begin PBXResourcesBuildPhase section */
		436C1B061F0E93A800EC0287 /* Resources */ = {
			isa = PBXResourcesBuildPhase;
			buildActionMask = 2147483647;
			files = (
				436C1B161F0E93A800EC0287 /* LaunchScreen.storyboard in Resources */,
				436C1B131F0E93A800EC0287 /* Assets.xcassets in Resources */,
				436C1B111F0E93A800EC0287 /* Main.storyboard in Resources */,
			);
			runOnlyForDeploymentPostprocessing = 0;
		};
/* End PBXResourcesBuildPhase section */

/* Begin PBXSourcesBuildPhase section */
		436C1B041F0E93A800EC0287 /* Sources */ = {
			isa = PBXSourcesBuildPhase;
			buildActionMask = 2147483647;
			files = (
				436C1B0E1F0E93A800EC0287 /* ViewController.swift in Sources */,
				436C1B0C1F0E93A800EC0287 /* AppDelegate.swift in Sources */,
			);
			runOnlyForDeploymentPostprocessing = 0;
		};
/* End PBXSourcesBuildPhase section */

/* Begin PBXVariantGroup section */
		436C1B0F1F0E93A800EC0287 /* Main.storyboard */ = {
			isa = PBXVariantGroup;
			children = (
				436C1B101F0E93A800EC0287 /* Base */,
			);
			name = Main.storyboard;
			sourceTree = "<group>";
		};
		436C1B141F0E93A800EC0287 /* LaunchScreen.storyboard */ = {
			isa = PBXVariantGroup;
			children = (
				436C1B151F0E93A800EC0287 /* Base */,
			);
			name = LaunchScreen.storyboard;
			sourceTree = "<group>";
		};
/* End PBXVariantGroup section */

/* Begin XCBuildConfiguration section */
		436C1B181F0E93A800EC0287 /* Debug */ = {
			isa = XCBuildConfiguration;
			buildSettings = {
				ALWAYS_SEARCH_USER_PATHS = NO;
				CLANG_ANALYZER_NONNULL = YES;
				CLANG_ANALYZER_NUMBER_OBJECT_CONVERSION = YES_AGGRESSIVE;
				CLANG_CXX_LANGUAGE_STANDARD = "gnu++0x";
				CLANG_CXX_LIBRARY = "libc++";
				CLANG_ENABLE_MODULES = YES;
				CLANG_ENABLE_OBJC_ARC = YES;
				CLANG_WARN_BOOL_CONVERSION = YES;
				CLANG_WARN_CONSTANT_CONVERSION = YES;
				CLANG_WARN_DIRECT_OBJC_ISA_USAGE = YES_ERROR;
				CLANG_WARN_DOCUMENTATION_COMMENTS = YES;
				CLANG_WARN_EMPTY_BODY = YES;
				CLANG_WARN_ENUM_CONVERSION = YES;
				CLANG_WARN_INFINITE_RECURSION = YES;
				CLANG_WARN_INT_CONVERSION = YES;
				CLANG_WARN_OBJC_ROOT_CLASS = YES_ERROR;
				CLANG_WARN_SUSPICIOUS_MOVE = YES;
				CLANG_WARN_UNREACHABLE_CODE = YES;
				CLANG_WARN__DUPLICATE_METHOD_MATCH = YES;
				"CODE_SIGN_IDENTITY[sdk=iphoneos*]" = "iPhone Developer";
				COPY_PHASE_STRIP = NO;
				DEBUG_INFORMATION_FORMAT = dwarf;
				ENABLE_STRICT_OBJC_MSGSEND = YES;
				ENABLE_TESTABILITY = YES;
				GCC_C_LANGUAGE_STANDARD = gnu99;
				GCC_DYNAMIC_NO_PIC = NO;
				GCC_NO_COMMON_BLOCKS = YES;
				GCC_OPTIMIZATION_LEVEL = 0;
				GCC_PREPROCESSOR_DEFINITIONS = (
					"DEBUG=1",
					"$(inherited)",
				);
				GCC_WARN_64_TO_32_BIT_CONVERSION = YES;
				GCC_WARN_ABOUT_RETURN_TYPE = YES_ERROR;
				GCC_WARN_UNDECLARED_SELECTOR = YES;
				GCC_WARN_UNINITIALIZED_AUTOS = YES_AGGRESSIVE;
				GCC_WARN_UNUSED_FUNCTION = YES;
				GCC_WARN_UNUSED_VARIABLE = YES;
				IPHONEOS_DEPLOYMENT_TARGET = 10.3;
				MTL_ENABLE_DEBUG_INFO = YES;
				ONLY_ACTIVE_ARCH = YES;
				SDKROOT = iphoneos;
				SWIFT_ACTIVE_COMPILATION_CONDITIONS = DEBUG;
				SWIFT_OPTIMIZATION_LEVEL = "-Onone";
				TARGETED_DEVICE_FAMILY = "1,2";
			};
			name = Debug;
		};
		436C1B191F0E93A800EC0287 /* Release */ = {
			isa = XCBuildConfiguration;
			buildSettings = {
				ALWAYS_SEARCH_USER_PATHS = NO;
				CLANG_ANALYZER_NONNULL = YES;
				CLANG_ANALYZER_NUMBER_OBJECT_CONVERSION = YES_AGGRESSIVE;
				CLANG_CXX_LANGUAGE_STANDARD = "gnu++0x";
				CLANG_CXX_LIBRARY = "libc++";
				CLANG_ENABLE_MODULES = YES;
				CLANG_ENABLE_OBJC_ARC = YES;
				CLANG_WARN_BOOL_CONVERSION = YES;
				CLANG_WARN_CONSTANT_CONVERSION = YES;
				CLANG_WARN_DIRECT_OBJC_ISA_USAGE = YES_ERROR;
				CLANG_WARN_DOCUMENTATION_COMMENTS = YES;
				CLANG_WARN_EMPTY_BODY = YES;
				CLANG_WARN_ENUM_CONVERSION = YES;
				CLANG_WARN_INFINITE_RECURSION = YES;
				CLANG_WARN_INT_CONVERSION = YES;
				CLANG_WARN_OBJC_ROOT_CLASS = YES_ERROR;
				CLANG_WARN_SUSPICIOUS_MOVE = YES;
				CLANG_WARN_UNREACHABLE_CODE = YES;
				CLANG_WARN__DUPLICATE_METHOD_MATCH = YES;
				"CODE_SIGN_IDENTITY[sdk=iphoneos*]" = "iPhone Developer";
				COPY_PHASE_STRIP = NO;
				DEBUG_INFORMATION_FORMAT = "dwarf-with-dsym";
				ENABLE_NS_ASSERTIONS = NO;
				ENABLE_STRICT_OBJC_MSGSEND = YES;
				GCC_C_LANGUAGE_STANDARD = gnu99;
				GCC_NO_COMMON_BLOCKS = YES;
				GCC_WARN_64_TO_32_BIT_CONVERSION = YES;
				GCC_WARN_ABOUT_RETURN_TYPE = YES_ERROR;
				GCC_WARN_UNDECLARED_SELECTOR = YES;
				GCC_WARN_UNINITIALIZED_AUTOS = YES_AGGRESSIVE;
				GCC_WARN_UNUSED_FUNCTION = YES;
				GCC_WARN_UNUSED_VARIABLE = YES;
				IPHONEOS_DEPLOYMENT_TARGET = 10.3;
				MTL_ENABLE_DEBUG_INFO = NO;
				SDKROOT = iphoneos;
				SWIFT_OPTIMIZATION_LEVEL = "-Owholemodule";
				TARGETED_DEVICE_FAMILY = "1,2";
				VALIDATE_PRODUCT = YES;
			};
			name = Release;
		};
		436C1B1B1F0E93A800EC0287 /* Debug */ = {
			isa = XCBuildConfiguration;
			buildSettings = {
				ASSETCATALOG_COMPILER_APPICON_NAME = AppIcon;
				INFOPLIST_FILE = "Stretchy Snacks/Info.plist";
				LD_RUNPATH_SEARCH_PATHS = "$(inherited) @executable_path/Frameworks";
				PRODUCT_BUNDLE_IDENTIFIER = "com.alexlee.Stretchy-Snacks";
				PRODUCT_NAME = "$(TARGET_NAME)";
				SWIFT_VERSION = 3.0;
			};
			name = Debug;
		};
		436C1B1C1F0E93A800EC0287 /* Release */ = {
			isa = XCBuildConfiguration;
			buildSettings = {
				ASSETCATALOG_COMPILER_APPICON_NAME = AppIcon;
				INFOPLIST_FILE = "Stretchy Snacks/Info.plist";
				LD_RUNPATH_SEARCH_PATHS = "$(inherited) @executable_path/Frameworks";
				PRODUCT_BUNDLE_IDENTIFIER = "com.alexlee.Stretchy-Snacks";
				PRODUCT_NAME = "$(TARGET_NAME)";
				SWIFT_VERSION = 3.0;
			};
			name = Release;
		};
/* End XCBuildConfiguration section */

/* Begin XCConfigurationList section */
		436C1B031F0E93A800EC0287 /* Build configuration list for PBXProject "Stretchy Snacks" */ = {
			isa = XCConfigurationList;
			buildConfigurations = (
				436C1B181F0E93A800EC0287 /* Debug */,
				436C1B191F0E93A800EC0287 /* Release */,
			);
			defaultConfigurationIsVisible = 0;
			defaultConfigurationName = Release;
		};
		436C1B1A1F0E93A800EC0287 /* Build configuration list for PBXNativeTarget "Stretchy Snacks" */ = {
			isa = XCConfigurationList;
			buildConfigurations = (
				436C1B1B1F0E93A800EC0287 /* Debug */,
				436C1B1C1F0E93A800EC0287 /* Release */,
			);
			defaultConfigurationIsVisible = 0;
		};
/* End XCConfigurationList section */
	};
	rootObject = 436C1B001F0E93A800EC0287 /* Project object */;
}
